{
    "name": "@totepass/common",
    "version": "1.0.3",
    "lockfileVersion": 2,
    "requires": true,
    "packages": {
        "": {
            "name": "@totepass/common",
            "version": "1.0.3",
            "license": "GPL-3.0",
            "dependencies": {
                "luxon": "^3.4.4",
                "timezones-ical-library": "^1.7.2",
                "uuid": "^9.0.1"
            },
            "devDependencies": {
                "@types/luxon": "^3.4.0",
                "@types/uuid": "^9.0.7"
            }
        },
        "node_modules/@types/luxon": {
            "version": "3.4.0",
            "resolved": "https://registry.npmjs.org/@types/luxon/-/luxon-3.4.0.tgz",
            "integrity": "sha512-PEVoA4MOfSsFNaPrZjIUGUZujBDxnO/tj2A2N9KfzlR+pNgpBdDuk0TmRvSMAVUP5q4q8IkMEZ8UOp3MIr+QgA==",
            "dev": true
        },
        "node_modules/@types/uuid": {
            "version": "9.0.7",
            "resolved": "https://registry.npmjs.org/@types/uuid/-/uuid-9.0.7.tgz",
            "integrity": "sha512-WUtIVRUZ9i5dYXefDEAI7sh9/O7jGvHg7Df/5O/gtH3Yabe5odI3UWopVR1qbPXQtvOxWu3mM4XxlYeZtMWF4g==",
            "dev": true
        },
        "node_modules/luxon": {
            "version": "3.4.4",
            "resolved": "https://registry.npmjs.org/luxon/-/luxon-3.4.4.tgz",
            "integrity": "sha512-zobTr7akeGHnv7eBOXcRgMeCP6+uyYsczwmeRCauvpvaAltgNyTbLH/+VaEAPUeWBT+1GuNmz4wC/6jtQzbbVA==",
            "engines": {
                "node": ">=12"
            }
        },
        "node_modules/timezones-ical-library": {
            "version": "1.7.2",
            "resolved": "https://registry.npmjs.org/timezones-ical-library/-/timezones-ical-library-1.7.2.tgz",
            "integrity": "sha512-QxZd7SowEZ5/Kg6ZJuBYI2BUqmyDj5HdI9RSWSQtzYm3UeVd5ziFpEBjw715zCzQca6V4xIiHc5j95tUzDTOyg==",
            "engines": {
                "node": ">=14.20.0"
            }
        },
        "node_modules/uuid": {
            "version": "9.0.1",
            "resolved": "https://registry.npmjs.org/uuid/-/uuid-9.0.1.tgz",
            "integrity": "sha512-b+1eJOlsR9K8HJpow9Ok3fiWOWSIcIzXodvv0rQjVoOVNpWMpxf1wZNpt4y9h10odCNrqnYp1OBzRktckBe3sA==",
            "funding": [
                "https://github.com/sponsors/broofa",
                "https://github.com/sponsors/ctavan"
            ],
            "bin": {
                "uuid": "dist/bin/uuid"
            }
        }
    },
    "dependencies": {
        "@types/luxon": {
            "version": "3.4.0",
            "resolved": "https://registry.npmjs.org/@types/luxon/-/luxon-3.4.0.tgz",
            "integrity": "sha512-PEVoA4MOfSsFNaPrZjIUGUZujBDxnO/tj2A2N9KfzlR+pNgpBdDuk0TmRvSMAVUP5q4q8IkMEZ8UOp3MIr+QgA==",
            "dev": true
        },
        "@types/uuid": {
            "version": "9.0.7",
            "resolved": "https://registry.npmjs.org/@types/uuid/-/uuid-9.0.7.tgz",
            "integrity": "sha512-WUtIVRUZ9i5dYXefDEAI7sh9/O7jGvHg7Df/5O/gtH3Yabe5odI3UWopVR1qbPXQtvOxWu3mM4XxlYeZtMWF4g==",
            "dev": true
        },
        "luxon": {
            "version": "3.4.4",
            "resolved": "https://registry.npmjs.org/luxon/-/luxon-3.4.4.tgz",
            "integrity": "sha512-zobTr7akeGHnv7eBOXcRgMeCP6+uyYsczwmeRCauvpvaAltgNyTbLH/+VaEAPUeWBT+1GuNmz4wC/6jtQzbbVA=="
        },
        "timezones-ical-library": {
            "version": "1.7.2",
            "resolved": "https://registry.npmjs.org/timezones-ical-library/-/timezones-ical-library-1.7.2.tgz",
            "integrity": "sha512-QxZd7SowEZ5/Kg6ZJuBYI2BUqmyDj5HdI9RSWSQtzYm3UeVd5ziFpEBjw715zCzQca6V4xIiHc5j95tUzDTOyg=="
        },
        "uuid": {
            "version": "9.0.1",
            "resolved": "https://registry.npmjs.org/uuid/-/uuid-9.0.1.tgz",
            "integrity": "sha512-b+1eJOlsR9K8HJpow9Ok3fiWOWSIcIzXodvv0rQjVoOVNpWMpxf1wZNpt4y9h10odCNrqnYp1OBzRktckBe3sA=="
        }
    }
}
